
Microsoft Visual Studio Solution File, Format Version 12.00
# Visual Studio Version 17
VisualStudioVersion = 17.6.33829.357
MinimumVisualStudioVersion = 10.0.40219.1
Project("{9A19103F-16F7-4668-BE54-9A1E7A4F7556}") = "SocialO.Entities", "SocialO.Entities\SocialO.Entities.csproj", "{2DC7B3DD-BAAF-4C2D-B558-D41BB3011379}"
EndProject
Project("{9A19103F-16F7-4668-BE54-9A1E7A4F7556}") = "SocialO.DAL", "SocialO.DAL\SocialO.DAL.csproj", "{13A12BEF-1664-48FB-AD1A-917D55F0D8DC}"
EndProject
Project("{9A19103F-16F7-4668-BE54-9A1E7A4F7556}") = "SocialO.BL", "SocialO.BL\SocialO.BL.csproj", "{45AA49F4-42FE-4A4C-8B98-CB9D83E9BEDD}"
EndProject
Project("{9A19103F-16F7-4668-BE54-9A1E7A4F7556}") = "SocialO.WebApi", "SocialO.WebApi\SocialO.WebApi.csproj", "{DC7404F1-60EA-4DCD-8F1B-9958A168A8D8}"
EndProject
Global
	GlobalSection(SolutionConfigurationPlatforms) = preSolution
		Debug|Any CPU = Debug|Any CPU
		Release|Any CPU = Release|Any CPU
	EndGlobalSection
	GlobalSection(ProjectConfigurationPlatforms) = postSolution
		{2DC7B3DD-BAAF-4C2D-B558-D41BB3011379}.Debug|Any CPU.ActiveCfg = Debug|Any CPU
		{2DC7B3DD-BAAF-4C2D-B558-D41BB3011379}.Debug|Any CPU.Build.0 = Debug|Any CPU
		{2DC7B3DD-BAAF-4C2D-B558-D41BB3011379}.Release|Any CPU.ActiveCfg = Release|Any CPU
		{2DC7B3DD-BAAF-4C2D-B558-D41BB3011379}.Release|Any CPU.Build.0 = Release|Any CPU
		{13A12BEF-1664-48FB-AD1A-917D55F0D8DC}.Debug|Any CPU.ActiveCfg = Debug|Any CPU
		{13A12BEF-1664-48FB-AD1A-917D55F0D8DC}.Debug|Any CPU.Build.0 = Debug|Any CPU
		{13A12BEF-1664-48FB-AD1A-917D55F0D8DC}.Release|Any CPU.ActiveCfg = Release|Any CPU
		{13A12BEF-1664-48FB-AD1A-917D55F0D8DC}.Release|Any CPU.Build.0 = Release|Any CPU
		{45AA49F4-42FE-4A4C-8B98-CB9D83E9BEDD}.Debug|Any CPU.ActiveCfg = Debug|Any CPU
		{45AA49F4-42FE-4A4C-8B98-CB9D83E9BEDD}.Debug|Any CPU.Build.0 = Debug|Any CPU
		{45AA49F4-42FE-4A4C-8B98-CB9D83E9BEDD}.Release|Any CPU.ActiveCfg = Release|Any CPU
		{45AA49F4-42FE-4A4C-8B98-CB9D83E9BEDD}.Release|Any CPU.Build.0 = Release|Any CPU
		{DC7404F1-60EA-4DCD-8F1B-9958A168A8D8}.Debug|Any CPU.ActiveCfg = Debug|Any CPU
		{DC7404F1-60EA-4DCD-8F1B-9958A168A8D8}.Debug|Any CPU.Build.0 = Debug|Any CPU
		{DC7404F1-60EA-4DCD-8F1B-9958A168A8D8}.Release|Any CPU.ActiveCfg = Release|Any CPU
		{DC7404F1-60EA-4DCD-8F1B-9958A168A8D8}.Release|Any CPU.Build.0 = Release|Any CPU
	EndGlobalSection
	GlobalSection(SolutionProperties) = preSolution
		HideSolutionNode = FALSE
	EndGlobalSection
	GlobalSection(ExtensibilityGlobals) = postSolution
		SolutionGuid = {6D0860FC-F1D7-4703-A07A-DE7D9FC762E2}
	EndGlobalSection
EndGlobal
